
Microsoft Visual Studio Solution File, Format Version 12.00
# Visual Studio Version 17
VisualStudioVersion = 17.0.31903.59
MinimumVisualStudioVersion = 10.0.40219.1
Project("{2150E333-8FDC-42A3-9474-1A3956D46DE8}") = "src", "src", "{3260C742-5425-4E7F-8AFF-A3572E56772F}"
EndProject
Project("{FAE04EC0-301F-11D3-BF4B-00C04F79EFBC}") = "Iy.Module", "src\Iy.Module\Iy.Module.csproj", "{1AC74A95-1DB5-4B0B-99BE-DD98CDB099CA}"
EndProject
Project("{2150E333-8FDC-42A3-9474-1A3956D46DE8}") = "test", "test", "{A1F7AFDC-CCD6-4464-9AC5-5FBC9F624AE5}"
EndProject
Project("{FAE04EC0-301F-11D3-BF4B-00C04F79EFBC}") = "Iy.Module.Tests", "test\Iy.Module.Tests\Iy.Module.Tests.csproj", "{97C6CE37-8298-45E4-8B90-F434357B6BF4}"
EndProject
Project("{FAE04EC0-301F-11D3-BF4B-00C04F79EFBC}") = "Iy.Module.AspNetCore", "src\Iy.Module.AspNetCore\Iy.Module.AspNetCore.csproj", "{C9B7F2AE-B4B6-402C-91B4-6EB1D3DA168C}"
EndProject
Project("{2150E333-8FDC-42A3-9474-1A3956D46DE8}") = "demo", "demo", "{B72089D1-CD0A-42FC-93CC-F070D37978AE}"
EndProject
Project("{FAE04EC0-301F-11D3-BF4B-00C04F79EFBC}") = "Iy.Module.Demo.Mvc", "demo\Iy.Module.Demo.Mvc\Iy.Module.Demo.Mvc.csproj", "{E6CDD487-414E-4A4E-B2A8-D6446A5E6C54}"
EndProject
Project("{FAE04EC0-301F-11D3-BF4B-00C04F79EFBC}") = "Iy.Module.Demo.Console", "demo\Iy.Module.Demo.Console\Iy.Module.Demo.Console.csproj", "{F9DF4833-D7D4-4EC5-80A2-A8A9E7872371}"
EndProject
Global
	GlobalSection(SolutionConfigurationPlatforms) = preSolution
		Debug|Any CPU = Debug|Any CPU
		Release|Any CPU = Release|Any CPU
	EndGlobalSection
	GlobalSection(ProjectConfigurationPlatforms) = postSolution
		{1AC74A95-1DB5-4B0B-99BE-DD98CDB099CA}.Debug|Any CPU.ActiveCfg = Debug|Any CPU
		{1AC74A95-1DB5-4B0B-99BE-DD98CDB099CA}.Debug|Any CPU.Build.0 = Debug|Any CPU
		{1AC74A95-1DB5-4B0B-99BE-DD98CDB099CA}.Release|Any CPU.ActiveCfg = Release|Any CPU
		{1AC74A95-1DB5-4B0B-99BE-DD98CDB099CA}.Release|Any CPU.Build.0 = Release|Any CPU
		{97C6CE37-8298-45E4-8B90-F434357B6BF4}.Debug|Any CPU.ActiveCfg = Debug|Any CPU
		{97C6CE37-8298-45E4-8B90-F434357B6BF4}.Debug|Any CPU.Build.0 = Debug|Any CPU
		{97C6CE37-8298-45E4-8B90-F434357B6BF4}.Release|Any CPU.ActiveCfg = Release|Any CPU
		{97C6CE37-8298-45E4-8B90-F434357B6BF4}.Release|Any CPU.Build.0 = Release|Any CPU
		{C9B7F2AE-B4B6-402C-91B4-6EB1D3DA168C}.Debug|Any CPU.ActiveCfg = Debug|Any CPU
		{C9B7F2AE-B4B6-402C-91B4-6EB1D3DA168C}.Debug|Any CPU.Build.0 = Debug|Any CPU
		{C9B7F2AE-B4B6-402C-91B4-6EB1D3DA168C}.Release|Any CPU.ActiveCfg = Release|Any CPU
		{C9B7F2AE-B4B6-402C-91B4-6EB1D3DA168C}.Release|Any CPU.Build.0 = Release|Any CPU
		{E6CDD487-414E-4A4E-B2A8-D6446A5E6C54}.Debug|Any CPU.ActiveCfg = Debug|Any CPU
		{E6CDD487-414E-4A4E-B2A8-D6446A5E6C54}.Debug|Any CPU.Build.0 = Debug|Any CPU
		{E6CDD487-414E-4A4E-B2A8-D6446A5E6C54}.Release|Any CPU.ActiveCfg = Release|Any CPU
		{E6CDD487-414E-4A4E-B2A8-D6446A5E6C54}.Release|Any CPU.Build.0 = Release|Any CPU
		{F9DF4833-D7D4-4EC5-80A2-A8A9E7872371}.Debug|Any CPU.ActiveCfg = Debug|Any CPU
		{F9DF4833-D7D4-4EC5-80A2-A8A9E7872371}.Debug|Any CPU.Build.0 = Debug|Any CPU
		{F9DF4833-D7D4-4EC5-80A2-A8A9E7872371}.Release|Any CPU.ActiveCfg = Release|Any CPU
		{F9DF4833-D7D4-4EC5-80A2-A8A9E7872371}.Release|Any CPU.Build.0 = Release|Any CPU
	EndGlobalSection
	GlobalSection(SolutionProperties) = preSolution
		HideSolutionNode = FALSE
	EndGlobalSection
	GlobalSection(ExtensibilityGlobals) = postSolution
		SolutionGuid = {81225DCC-7889-4D07-86FD-31C9085912D8}
	EndGlobalSection
	GlobalSection(NestedProjects) = preSolution
		{1AC74A95-1DB5-4B0B-99BE-DD98CDB099CA} = {3260C742-5425-4E7F-8AFF-A3572E56772F}
		{97C6CE37-8298-45E4-8B90-F434357B6BF4} = {A1F7AFDC-CCD6-4464-9AC5-5FBC9F624AE5}
		{C9B7F2AE-B4B6-402C-91B4-6EB1D3DA168C} = {3260C742-5425-4E7F-8AFF-A3572E56772F}
		{E6CDD487-414E-4A4E-B2A8-D6446A5E6C54} = {B72089D1-CD0A-42FC-93CC-F070D37978AE}
		{F9DF4833-D7D4-4EC5-80A2-A8A9E7872371} = {B72089D1-CD0A-42FC-93CC-F070D37978AE}
	EndGlobalSection
EndGlobal
