
Microsoft Visual Studio Solution File, Format Version 12.00
# Visual Studio Version 17
VisualStudioVersion = 17.0.31903.59
MinimumVisualStudioVersion = 10.0.40219.1
Project("{FAE04EC0-301F-11D3-BF4B-00C04F79EFBC}") = "Iy.Module", "Iy.Module\Iy.Module.csproj", "{13CBDEEC-9598-43E4-A0A6-E506E3C1BD86}"
EndProject
Project("{FAE04EC0-301F-11D3-BF4B-00C04F79EFBC}") = "Iy.Module.Demo", "Iy.Module.Demo\Iy.Module.Demo.csproj", "{81989098-0F35-4458-943E-E20BF9540984}"
EndProject
Global
	GlobalSection(SolutionConfigurationPlatforms) = preSolution
		Debug|Any CPU = Debug|Any CPU
		Release|Any CPU = Release|Any CPU
	EndGlobalSection
	GlobalSection(ProjectConfigurationPlatforms) = postSolution
		{13CBDEEC-9598-43E4-A0A6-E506E3C1BD86}.Debug|Any CPU.ActiveCfg = Debug|Any CPU
		{13CBDEEC-9598-43E4-A0A6-E506E3C1BD86}.Debug|Any CPU.Build.0 = Debug|Any CPU
		{13CBDEEC-9598-43E4-A0A6-E506E3C1BD86}.Release|Any CPU.ActiveCfg = Release|Any CPU
		{13CBDEEC-9598-43E4-A0A6-E506E3C1BD86}.Release|Any CPU.Build.0 = Release|Any CPU
		{81989098-0F35-4458-943E-E20BF9540984}.Debug|Any CPU.ActiveCfg = Debug|Any CPU
		{81989098-0F35-4458-943E-E20BF9540984}.Debug|Any CPU.Build.0 = Debug|Any CPU
		{81989098-0F35-4458-943E-E20BF9540984}.Release|Any CPU.ActiveCfg = Release|Any CPU
		{81989098-0F35-4458-943E-E20BF9540984}.Release|Any CPU.Build.0 = Release|Any CPU
	EndGlobalSection
	GlobalSection(SolutionProperties) = preSolution
		HideSolutionNode = FALSE
	EndGlobalSection
	GlobalSection(ExtensibilityGlobals) = postSolution
		SolutionGuid = {81225DCC-7889-4D07-86FD-31C9085912D8}
	EndGlobalSection
EndGlobal
